# This file was autogenerated by Stack.
# You should not edit this file by hand.
# For more information, please see the documentation at:
#   https://docs.haskellstack.org/en/stable/lock_files

packages:
- completed:
    cabal-file:
      size: 7071
      sha256: 50e0c106cbf41cf9099c2d73ee67673eac909697fbb9b64d03d2535acbaa1440
    name: distributed-process-extras
    version: 0.3.6
    git: https://github.com/adjoint-io/distributed-process-extras.git
    pantry-tree:
      size: 2433
      sha256: 7cc56263284a5921c51e2e8cbee55d488ca9c3a4b28e6a0d6155ce617ad3f9b2
    commit: becdf122cbc98725283cb267db0fc5751581e261
  original:
    git: https://github.com/adjoint-io/distributed-process-extras.git
    commit: becdf122cbc98725283cb267db0fc5751581e261
- completed:
    cabal-file:
      size: 5826
      sha256: f7280da303ba95a5e9872eb368cd9c699fe1cbed55cc2ee164bb74ed87b2c96e
    name: distributed-process-client-server
    version: 0.2.5
    git: https://github.com/adjoint-io/distributed-process-client-server.git
    pantry-tree:
      size: 2352
      sha256: fc990aa059b6118fdc741ea50be3ef9e79d706eee30e96107ef554b90c031da1
    commit: 2846ac85ebd2ebbec69b597bb672692622097820
  original:
    git: https://github.com/adjoint-io/distributed-process-client-server.git
    commit: 2846ac85ebd2ebbec69b597bb672692622097820
- completed:
    cabal-file:
      size: 2908
      sha256: 74ba557567d3ea413bd9dda70d2afe8223fa7c4c52fa392728a30164f67ac578
    name: distributed-process-async
    version: 0.2.6
    git: https://github.com/adjoint-io/distributed-process-async.git
    pantry-tree:
      size: 1070
      sha256: 9f90cb89da5b4fbba5fa5edd1d7be5ba9144d78b5961927a9dbdb0a8506230ce
    commit: 34a5e9490073247406a06894b6b5fbf77eb44994
  original:
    git: https://github.com/adjoint-io/distributed-process-async.git
    commit: 34a5e9490073247406a06894b6b5fbf77eb44994
- completed:
    cabal-file:
      size: 7384
      sha256: 0329d7b5c9e6aafe2fad58123ddb5d28726c95b2b9bec0508e968e038e0cc1d4
    name: distributed-process
    version: 0.7.4
    git: https://github.com/haskell-distributed/distributed-process.git
    pantry-tree:
      size: 5756
      sha256: 5308200734385bdde0163058dba6a485b36af4b30a9f7b28dcd40b4addfb408b
    commit: 660d554f6acd2dba8b605c84e8fa69e45708bc14
  original:
    git: https://github.com/haskell-distributed/distributed-process.git
    commit: 660d554f6acd2dba8b605c84e8fa69e45708bc14
- completed:
    cabal-file:
      size: 3390
      sha256: 7d9109f979e1c1f166c46a0b2cfc812a3c7e95bd6de24c92382473fcec50df02
    name: network-transport-tcp
    version: 0.6.0
    git: https://github.com/adjoint-io/network-transport-tcp.git
    pantry-tree:
      size: 1986
      sha256: 3a21594222329cbc5be7496ed17fa7b480afbf45667e9bf8b3beef1e575b8a74
    commit: fda9660e55d22cb8c406331483605db057b08c0e
  original:
    git: https://github.com/adjoint-io/network-transport-tcp.git
    commit: fda9660e55d22cb8c406331483605db057b08c0e
- completed:
    hackage: rematch-0.2.0.0@sha256:86019f4d6a4347e1291a0a9f85ba6324e1447e2b93d75958e59c24212e9d8178,1245
    pantry-tree:
      size: 386
      sha256: a03afe4ac95716bda72e3cd1ce762b5e7edc6d0d0d1ada8c48c5c656cf667a62
  original:
    hackage: rematch-0.2.0.0
- completed:
    hackage: distributed-static-0.3.9@sha256:0eb308ee416db4541cb5b4d2dff387e7c9394e6deaf76b7e829ce46add4448bc,2237
    pantry-tree:
      size: 286
      sha256: 4f42a4fe0ce97fb4a1ae2c947b6077ee718a5f11545a72387c13a0edc405d28e
  original:
    hackage: distributed-static-0.3.9
snapshots:
- completed:
    size: 495801
    url: https://raw.githubusercontent.com/commercialhaskell/stackage-snapshots/master/lts/13/11.yaml
    sha256: 835062158db2b3ebb8b9525d9662a02ebf9783e8f6a08a64684cd5546f847152
  original: lts-13.11
